PODS:
  - FlexLayout (1.3.23)
  - PinLayout (1.10.0)
  - Then (2.7.0)

DEPENDENCIES:
  - FlexLayout
  - PinLayout
  - Then

SPEC REPOS:
  trunk:
    - FlexLayout
    - PinLayout
    - Then

SPEC CHECKSUMS:
  FlexLayout: 5b44c0538e7eaa2110e3160dfdfb74611676fb91
  PinLayout: e50e9a748b632905fca6e67043ea4b05d6c92186
  Then: acfe0be7e98221c6204e12f8161459606d5d822d

PODFILE CHECKSUM: 791aa3dfa5542c4787c879e9c970306650a64834

COCOAPODS: 1.11.2
